
Microsoft Visual Studio Solution File, Format Version 12.00
# Visual Studio Version 17
VisualStudioVersion = 17.9.34622.214
MinimumVisualStudioVersion = 10.0.40219.1
Project("{FAE04EC0-301F-11D3-BF4B-00C04F79EFBC}") = "ProyectoLogin", "ProyectoLogin.csproj", "{E27F1D26-BDF0-4A63-91E1-27B4998368CB}"
EndProject
Global
	GlobalSection(SolutionConfigurationPlatforms) = preSolution
		Debug|Any CPU = Debug|Any CPU
		Release|Any CPU = Release|Any CPU
	EndGlobalSection
	GlobalSection(ProjectConfigurationPlatforms) = postSolution
		{E27F1D26-BDF0-4A63-91E1-27B4998368CB}.Debug|Any CPU.ActiveCfg = Debug|Any CPU
		{E27F1D26-BDF0-4A63-91E1-27B4998368CB}.Debug|Any CPU.Build.0 = Debug|Any CPU
		{E27F1D26-BDF0-4A63-91E1-27B4998368CB}.Release|Any CPU.ActiveCfg = Release|Any CPU
		{E27F1D26-BDF0-4A63-91E1-27B4998368CB}.Release|Any CPU.Build.0 = Release|Any CPU
	EndGlobalSection
	GlobalSection(SolutionProperties) = preSolution
		HideSolutionNode = FALSE
	EndGlobalSection
	GlobalSection(ExtensibilityGlobals) = postSolution
		SolutionGuid = {0CDD41AD-C0CE-418F-92B2-57F81286F289}
	EndGlobalSection
EndGlobal
